{
 "profile_host": "[settings]\narch=x86_64\narch_build=x86_64\nbuild_type=Debug\ncompiler=Visual Studio\ncompiler.runtime=MDd\ncompiler.version=16\nos=Windows\nos_build=Windows\n[options]\n[build_requires]\n[env]\n",
 "graph_lock": {
  "nodes": {
   "0": {
    "pref": null,
    "options": "assimp:double_precision=False\nassimp:shared=False\nassimp:with_3d=True\nassimp:with_3ds=True\nassimp:with_3ds_exporter=True\nassimp:with_3mf=True\nassimp:with_3mf_exporter=True\nassimp:with_ac=True\nassimp:with_amf=True\nassimp:with_ase=True\nassimp:with_assbin=True\nassimp:with_assbin_exporter=True\nassimp:with_assjson_exporter=True\nassimp:with_assxml_exporter=True\nassimp:with_b3d=True\nassimp:with_blend=True\nassimp:with_bvh=True\nassimp:with_cob=True\nassimp:with_collada=True\nassimp:with_collada_exporter=True\nassimp:with_csm=True\nassimp:with_dxf=True\nassimp:with_fbx=True\nassimp:with_fbx_exporter=True\nassimp:with_gltf=True\nassimp:with_gltf_exporter=True\nassimp:with_hmp=True\nassimp:with_ifc=True\nassimp:with_irr=True\nassimp:with_irrmesh=True\nassimp:with_lwo=True\nassimp:with_lws=True\nassimp:with_md2=True\nassimp:with_md3=True\nassimp:with_md5=True\nassimp:with_mdc=True\nassimp:with_mdl=True\nassimp:with_mmd=True\nassimp:with_ms3d=True\nassimp:with_ndo=True\nassimp:with_nff=True\nassimp:with_obj=True\nassimp:with_obj_exporter=True\nassimp:with_off=True\nassimp:with_ogre=True\nassimp:with_opengex=True\nassimp:with_opengex_exporter=True\nassimp:with_ply=True\nassimp:with_ply_exporter=True\nassimp:with_q3bsp=True\nassimp:with_q3d=True\nassimp:with_raw=True\nassimp:with_sib=True\nassimp:with_smd=True\nassimp:with_step=True\nassimp:with_step_exporter=True\nassimp:with_stl=True\nassimp:with_stl_exporter=True\nassimp:with_terragen=True\nassimp:with_x=True\nassimp:with_x3d=True\nassimp:with_x3d_exporter=True\nassimp:with_x_exporter=True\nassimp:with_xgl=True\nbzip2:build_executable=True\nbzip2:shared=False\nfreetype:shared=False\nfreetype:with_bzip2=True\nfreetype:with_png=True\nfreetype:with_zlib=True\nglew:shared=False\nglfw:shared=False\nimgui:shared=False\nirrxml:shared=False\nlibpng:api_prefix=None\nlibpng:shared=False\nzlib:minizip=False\nzlib:shared=False",
    "requires": [
     "1",
     "2",
     "5",
     "6",
     "7",
     "8",
     "9",
     "10"
    ],
    "path": "C:\\Users\\rutayisire\\CLionProjects\\mdmc\\conanfile.txt"
   },
   "1": {
    "pref": "glm/0.9.9.8#0:5ab84d6acfe1f23c4fae0ab88f26e3a396351ac9#0",
    "options": ""
   },
   "2": {
    "pref": "assimp/5.0.1#0:4d3a656045a88c8b40b1c0209e12346d8f8592fd#0",
    "options": "double_precision=False\nshared=False\nwith_3d=True\nwith_3ds=True\nwith_3ds_exporter=True\nwith_3mf=True\nwith_3mf_exporter=True\nwith_ac=True\nwith_amf=True\nwith_ase=True\nwith_assbin=True\nwith_assbin_exporter=True\nwith_assjson_exporter=True\nwith_assxml_exporter=True\nwith_b3d=True\nwith_blend=True\nwith_bvh=True\nwith_cob=True\nwith_collada=True\nwith_collada_exporter=True\nwith_csm=True\nwith_dxf=True\nwith_fbx=True\nwith_fbx_exporter=True\nwith_gltf=True\nwith_gltf_exporter=True\nwith_hmp=True\nwith_ifc=True\nwith_irr=True\nwith_irrmesh=True\nwith_lwo=True\nwith_lws=True\nwith_md2=True\nwith_md3=True\nwith_md5=True\nwith_mdc=True\nwith_mdl=True\nwith_mmd=True\nwith_ms3d=True\nwith_ndo=True\nwith_nff=True\nwith_obj=True\nwith_obj_exporter=True\nwith_off=True\nwith_ogre=True\nwith_opengex=True\nwith_opengex_exporter=True\nwith_ply=True\nwith_ply_exporter=True\nwith_q3bsp=True\nwith_q3d=True\nwith_raw=True\nwith_sib=True\nwith_smd=True\nwith_step=True\nwith_step_exporter=True\nwith_stl=True\nwith_stl_exporter=True\nwith_terragen=True\nwith_x=True\nwith_x3d=True\nwith_x3d_exporter=True\nwith_x_exporter=True\nwith_xgl=True\nirrxml:shared=False\nzlib:minizip=False\nzlib:shared=False",
    "requires": [
     "3",
     "4"
    ]
   },
   "3": {
    "pref": "zlib/1.2.11#0:d057732059ea44a47760900cb5e4855d2bea8714#0",
    "options": "minizip=False\nshared=False"
   },
   "4": {
    "pref": "irrxml/1.2#0:d057732059ea44a47760900cb5e4855d2bea8714#0",
    "options": "shared=False"
   },
   "5": {
    "pref": "glew/2.1.0@bincrafters/stable#0:d057732059ea44a47760900cb5e4855d2bea8714#9b8a8d0e49a1497efe899aa7ae70e3e7",
    "options": "shared=False"
   },
   "6": {
    "pref": "glfw/3.3.2@bincrafters/stable#0:d057732059ea44a47760900cb5e4855d2bea8714#0",
    "options": "shared=False"
   },
   "7": {
    "pref": "imgui/1.76#0:d057732059ea44a47760900cb5e4855d2bea8714#0",
    "options": "shared=False"
   },
   "8": {
    "pref": "rapidjson/1.1.0#0:5ab84d6acfe1f23c4fae0ab88f26e3a396351ac9#0",
    "options": ""
   },
   "9": {
    "pref": "stb/20200203#0:5ab84d6acfe1f23c4fae0ab88f26e3a396351ac9#0",
    "options": ""
   },
   "10": {
    "pref": "freetype/2.10.1#0:5ab9f0c1d8d1b5168e67122d4b0bbc7977175388#0",
    "options": "shared=False\nwith_bzip2=True\nwith_png=True\nwith_zlib=True\nbzip2:build_executable=True\nbzip2:shared=False\nlibpng:api_prefix=None\nlibpng:shared=False\nzlib:minizip=False\nzlib:shared=False",
    "requires": [
     "11",
     "3",
     "12"
    ]
   },
   "11": {
    "pref": "libpng/1.6.37#0:6acf24cd4adf2df742e006cc0e5f0329e3b6e60b#0",
    "options": "api_prefix=None\nshared=False\nzlib:minizip=False\nzlib:shared=False",
    "requires": [
     "3"
    ]
   },
   "12": {
    "pref": "bzip2/1.0.8#0:589a23dff5fdb23a7fb851223eb766480ead0a9a#0",
    "options": "build_executable=True\nshared=False"
   }
  }
 },
 "version": "0.3"
}